dependencies:
- name: skywalking-helm
  repository: oci://registry-1.docker.io/apache
  version: 4.5.0
- name: postgresql
  repository: oci://registry-1.docker.io/bitnamicharts
  version: 15.1.4
- name: rabbitmq
  repository: oci://registry-1.docker.io/bitnamicharts
  version: 15.4.0
- name: loadgenerator
  repository: https://lgu-se-internal.github.io/loadgenerator
  version: 0.1.0
digest: sha256:c3aff83b60f86e70dfd199d160537fa8a0f8b51f0d4e043a7041b4150ed9de49
generated: "2025-05-16T12:15:17.467186828+08:00"
